
Microsoft Visual Studio Solution File, Format Version 12.00
# Visual Studio Version 16
VisualStudioVersion = 16.0.29519.87
MinimumVisualStudioVersion = 10.0.40219.1
Project("{FAE04EC0-301F-11D3-BF4B-00C04F79EFBC}") = "mainfile", "mainfile\mainfile.csproj", "{54125E0C-29AD-4700-A0BC-0E3F240AA81F}"
EndProject
Global
	GlobalSection(SolutionConfigurationPlatforms) = preSolution
		Debug|Any CPU = Debug|Any CPU
		Release|Any CPU = Release|Any CPU
	EndGlobalSection
	GlobalSection(ProjectConfigurationPlatforms) = postSolution
		{54125E0C-29AD-4700-A0BC-0E3F240AA81F}.Debug|Any CPU.ActiveCfg = Debug|Any CPU
		{54125E0C-29AD-4700-A0BC-0E3F240AA81F}.Debug|Any CPU.Build.0 = Debug|Any CPU
		{54125E0C-29AD-4700-A0BC-0E3F240AA81F}.Release|Any CPU.ActiveCfg = Release|Any CPU
		{54125E0C-29AD-4700-A0BC-0E3F240AA81F}.Release|Any CPU.Build.0 = Release|Any CPU
	EndGlobalSection
	GlobalSection(SolutionProperties) = preSolution
		HideSolutionNode = FALSE
	EndGlobalSection
	GlobalSection(ExtensibilityGlobals) = postSolution
		SolutionGuid = {668EE592-23E9-47BA-9B2F-590CC8D333F2}
	EndGlobalSection
EndGlobal
